{
  "lockfile-version": 1,
  "manifest": {
    "version": 1,
    "install": {
      "go": {
        "pkg-path": "go",
        "version": "^1.19"
      },
      "golangci-lint": {
        "pkg-path": "golangci-lint"
      }
    },
    "hook": {
      "on-activate": "  # Autogenerated by Flox\n\n  # Point GOENV to Flox environment cache\n  export GOENV=\"$FLOX_ENV_CACHE/goenv\"\n\n  # Install Go dependencies\n  go get .\n\n  # End autogenerated by Flox\n"
    },
    "profile": {},
    "options": {}
  },
  "packages": [
    {
      "attr_path": "go",
      "broken": false,
      "derivation": "/nix/store/b4f7b08k5wnka70sax9qx3d2p1x2sfb9-go-1.24.6.drv",
      "description": "Go Programming language",
      "install_id": "go",
      "license": "BSD-3-Clause",
      "locked_url": "https://github.com/flox/nixpkgs?rev=d7600c775f877cd87b4f5a831c28aa94137377aa",
      "name": "go-1.24.6",
      "pname": "go",
      "rev": "d7600c775f877cd87b4f5a831c28aa94137377aa",
      "rev_count": 854036,
      "rev_date": "2025-08-30T08:25:00Z",
      "scrape_date": "2025-08-31T03:28:53.265597Z",
      "stabilities": [
        "unstable"
      ],
      "unfree": false,
      "version": "1.24.6",
      "outputs_to_install": [
        "out"
      ],
      "outputs": {
        "out": "/nix/store/rgmygksbfyy75iappxpinv0y8lxfq35x-go-1.24.6"
      },
      "system": "aarch64-darwin",
      "group": "toplevel",
      "priority": 5
    },
    {
      "attr_path": "go",
      "broken": false,
      "derivation": "/nix/store/x4i65glp99jc4a2cxkz1scx29s08dw05-go-1.24.6.drv",
      "description": "Go Programming language",
      "install_id": "go",
      "license": "BSD-3-Clause",
      "locked_url": "https://github.com/flox/nixpkgs?rev=d7600c775f877cd87b4f5a831c28aa94137377aa",
      "name": "go-1.24.6",
      "pname": "go",
      "rev": "d7600c775f877cd87b4f5a831c28aa94137377aa",
      "rev_count": 854036,
      "rev_date": "2025-08-30T08:25:00Z",
      "scrape_date": "2025-08-31T03:37:17.518582Z",
      "stabilities": [
        "unstable"
      ],
      "unfree": false,
      "version": "1.24.6",
      "outputs_to_install": [
        "out"
      ],
      "outputs": {
        "out": "/nix/store/w30rz1jlg360zk9d34ylhdvcdz19vyxh-go-1.24.6"
      },
      "system": "aarch64-linux",
      "group": "toplevel",
      "priority": 5
    },
    {
      "attr_path": "go",
      "broken": false,
      "derivation": "/nix/store/awngf5b7wwjyay1nlfjnk25a39f823c3-go-1.24.6.drv",
      "description": "Go Programming language",
      "install_id": "go",
      "license": "BSD-3-Clause",
      "locked_url": "https://github.com/flox/nixpkgs?rev=d7600c775f877cd87b4f5a831c28aa94137377aa",
      "name": "go-1.24.6",
      "pname": "go",
      "rev": "d7600c775f877cd87b4f5a831c28aa94137377aa",
      "rev_count": 854036,
      "rev_date": "2025-08-30T08:25:00Z",
      "scrape_date": "2025-08-31T03:45:26.346747Z",
      "stabilities": [
        "unstable"
      ],
      "unfree": false,
      "version": "1.24.6",
      "outputs_to_install": [
        "out"
      ],
      "outputs": {
        "out": "/nix/store/kcj6a7xghpcsg6by6kkc03s3rr2v34il-go-1.24.6"
      },
      "system": "x86_64-darwin",
      "group": "toplevel",
      "priority": 5
    },
    {
      "attr_path": "go",
      "broken": false,
      "derivation": "/nix/store/lz6sgami9527f9s2sh8bd8y2imv8nqqb-go-1.24.6.drv",
      "description": "Go Programming language",
      "install_id": "go",
      "license": "BSD-3-Clause",
      "locked_url": "https://github.com/flox/nixpkgs?rev=d7600c775f877cd87b4f5a831c28aa94137377aa",
      "name": "go-1.24.6",
      "pname": "go",
      "rev": "d7600c775f877cd87b4f5a831c28aa94137377aa",
      "rev_count": 854036,
      "rev_date": "2025-08-30T08:25:00Z",
      "scrape_date": "2025-08-31T03:52:54.344852Z",
      "stabilities": [
        "unstable"
      ],
      "unfree": false,
      "version": "1.24.6",
      "outputs_to_install": [
        "out"
      ],
      "outputs": {
        "out": "/nix/store/g026m2zmhiah7izdmmvgsq847z2sh1h1-go-1.24.6"
      },
      "system": "x86_64-linux",
      "group": "toplevel",
      "priority": 5
    },
    {
      "attr_path": "golangci-lint",
      "broken": false,
      "derivation": "/nix/store/gjpp09llq117kb14gza3nlgv6zvplp6x-golangci-lint-2.4.0.drv",
      "description": "Fast linters Runner for Go",
      "install_id": "golangci-lint",
      "license": "GPL-3.0-or-later",
      "locked_url": "https://github.com/flox/nixpkgs?rev=d7600c775f877cd87b4f5a831c28aa94137377aa",
      "name": "golangci-lint-2.4.0",
      "pname": "golangci-lint",
      "rev": "d7600c775f877cd87b4f5a831c28aa94137377aa",
      "rev_count": 854036,
      "rev_date": "2025-08-30T08:25:00Z",
      "scrape_date": "2025-08-31T03:28:53.312383Z",
      "stabilities": [
        "unstable"
      ],
      "unfree": false,
      "version": "2.4.0",
      "outputs_to_install": [
        "out"
      ],
      "outputs": {
        "out": "/nix/store/qj8ra318bgzfkrky6sw734igb4sd5kia-golangci-lint-2.4.0"
      },
      "system": "aarch64-darwin",
      "group": "toplevel",
      "priority": 5
    },
    {
      "attr_path": "golangci-lint",
      "broken": false,
      "derivation": "/nix/store/7bh81qxlam14pn2b8k6sz1kr0c45rhhv-golangci-lint-2.4.0.drv",
      "description": "Fast linters Runner for Go",
      "install_id": "golangci-lint",
      "license": "GPL-3.0-or-later",
      "locked_url": "https://github.com/flox/nixpkgs?rev=d7600c775f877cd87b4f5a831c28aa94137377aa",
      "name": "golangci-lint-2.4.0",
      "pname": "golangci-lint",
      "rev": "d7600c775f877cd87b4f5a831c28aa94137377aa",
      "rev_count": 854036,
      "rev_date": "2025-08-30T08:25:00Z",
      "scrape_date": "2025-08-31T03:37:17.598833Z",
      "stabilities": [
        "unstable"
      ],
      "unfree": false,
      "version": "2.4.0",
      "outputs_to_install": [
        "out"
      ],
      "outputs": {
        "out": "/nix/store/s4hy8cpw5ynr3dqp53bqdqq7dqnnj5pw-golangci-lint-2.4.0"
      },
      "system": "aarch64-linux",
      "group": "toplevel",
      "priority": 5
    },
    {
      "attr_path": "golangci-lint",
      "broken": false,
      "derivation": "/nix/store/d474ilcnjjl07kyqxzl44pkv984cjyk8-golangci-lint-2.4.0.drv",
      "description": "Fast linters Runner for Go",
      "install_id": "golangci-lint",
      "license": "GPL-3.0-or-later",
      "locked_url": "https://github.com/flox/nixpkgs?rev=d7600c775f877cd87b4f5a831c28aa94137377aa",
      "name": "golangci-lint-2.4.0",
      "pname": "golangci-lint",
      "rev": "d7600c775f877cd87b4f5a831c28aa94137377aa",
      "rev_count": 854036,
      "rev_date": "2025-08-30T08:25:00Z",
      "scrape_date": "2025-08-31T03:45:26.397137Z",
      "stabilities": [
        "unstable"
      ],
      "unfree": false,
      "version": "2.4.0",
      "outputs_to_install": [
        "out"
      ],
      "outputs": {
        "out": "/nix/store/2b0459163c6jz4r4sfw9z9vrfwr5bc33-golangci-lint-2.4.0"
      },
      "system": "x86_64-darwin",
      "group": "toplevel",
      "priority": 5
    },
    {
      "attr_path": "golangci-lint",
      "broken": false,
      "derivation": "/nix/store/akdp81hczi3ys6vja2a338vm6xb5d50c-golangci-lint-2.4.0.drv",
      "description": "Fast linters Runner for Go",
      "install_id": "golangci-lint",
      "license": "GPL-3.0-or-later",
      "locked_url": "https://github.com/flox/nixpkgs?rev=d7600c775f877cd87b4f5a831c28aa94137377aa",
      "name": "golangci-lint-2.4.0",
      "pname": "golangci-lint",
      "rev": "d7600c775f877cd87b4f5a831c28aa94137377aa",
      "rev_count": 854036,
      "rev_date": "2025-08-30T08:25:00Z",
      "scrape_date": "2025-08-31T03:52:54.429773Z",
      "stabilities": [
        "unstable"
      ],
      "unfree": false,
      "version": "2.4.0",
      "outputs_to_install": [
        "out"
      ],
      "outputs": {
        "out": "/nix/store/arxp4wfknba8kazch9s18dm609bis8jg-golangci-lint-2.4.0"
      },
      "system": "x86_64-linux",
      "group": "toplevel",
      "priority": 5
    }
  ]
}